
Microsoft Visual Studio Solution File, Format Version 12.00
# Visual Studio Version 16
VisualStudioVersion = 16.0.30804.86
MinimumVisualStudioVersion = 10.0.40219.1
Project("{9A19103F-16F7-4668-BE54-9A1E7A4F7556}") = "Codaris.Wpf", "Codaris.Wpf\Codaris.Wpf.csproj", "{3461E595-A53E-484E-B914-83FED5E27DC4}"
EndProject
Project("{9A19103F-16F7-4668-BE54-9A1E7A4F7556}") = "Codaris.Common", "Codaris.Common\Codaris.Common.csproj", "{1E04E517-29E8-4D77-B0F5-B1176CD09E59}"
EndProject
Global
	GlobalSection(SolutionConfigurationPlatforms) = preSolution
		Debug|Any CPU = Debug|Any CPU
		Release|Any CPU = Release|Any CPU
	EndGlobalSection
	GlobalSection(ProjectConfigurationPlatforms) = postSolution
		{3461E595-A53E-484E-B914-83FED5E27DC4}.Debug|Any CPU.ActiveCfg = Debug|Any CPU
		{3461E595-A53E-484E-B914-83FED5E27DC4}.Debug|Any CPU.Build.0 = Debug|Any CPU
		{3461E595-A53E-484E-B914-83FED5E27DC4}.Release|Any CPU.ActiveCfg = Release|Any CPU
		{3461E595-A53E-484E-B914-83FED5E27DC4}.Release|Any CPU.Build.0 = Release|Any CPU
		{1E04E517-29E8-4D77-B0F5-B1176CD09E59}.Debug|Any CPU.ActiveCfg = Debug|Any CPU
		{1E04E517-29E8-4D77-B0F5-B1176CD09E59}.Debug|Any CPU.Build.0 = Debug|Any CPU
		{1E04E517-29E8-4D77-B0F5-B1176CD09E59}.Release|Any CPU.ActiveCfg = Release|Any CPU
		{1E04E517-29E8-4D77-B0F5-B1176CD09E59}.Release|Any CPU.Build.0 = Release|Any CPU
	EndGlobalSection
	GlobalSection(SolutionProperties) = preSolution
		HideSolutionNode = FALSE
	EndGlobalSection
	GlobalSection(ExtensibilityGlobals) = postSolution
		VisualSVNWorkingCopyRoot = .
		SolutionGuid = {1CF4F821-8861-4A9B-86B2-96ED18C85CD4}
	EndGlobalSection
EndGlobal
